
Microsoft Visual Studio Solution File, Format Version 12.00
# Visual Studio 15
VisualStudioVersion = 15.0.28307.1145
MinimumVisualStudioVersion = 10.0.40219.1
Project("{FAE04EC0-301F-11D3-BF4B-00C04F79EFBC}") = "mFood", "mFood\mFood.csproj", "{4FD2358F-326D-47A0-979F-D64F4BE839B7}"
EndProject
Project("{FAE04EC0-301F-11D3-BF4B-00C04F79EFBC}") = "OdeToFood.Core", "OdeToFood.Core\OdeToFood.Core.csproj", "{FBDD7B3C-DFBC-4700-96B8-30ECB68B50FD}"
EndProject
Project("{FAE04EC0-301F-11D3-BF4B-00C04F79EFBC}") = "OdeToFood.Data", "OdeToFood.Data\OdeToFood.Data.csproj", "{C599CAD3-A2DD-4011-B726-B8517AA6D19B}"
EndProject
Global
	GlobalSection(SolutionConfigurationPlatforms) = preSolution
		Debug|Any CPU = Debug|Any CPU
		Release|Any CPU = Release|Any CPU
	EndGlobalSection
	GlobalSection(ProjectConfigurationPlatforms) = postSolution
		{4FD2358F-326D-47A0-979F-D64F4BE839B7}.Debug|Any CPU.ActiveCfg = Debug|Any CPU
		{4FD2358F-326D-47A0-979F-D64F4BE839B7}.Debug|Any CPU.Build.0 = Debug|Any CPU
		{4FD2358F-326D-47A0-979F-D64F4BE839B7}.Release|Any CPU.ActiveCfg = Release|Any CPU
		{4FD2358F-326D-47A0-979F-D64F4BE839B7}.Release|Any CPU.Build.0 = Release|Any CPU
		{FBDD7B3C-DFBC-4700-96B8-30ECB68B50FD}.Debug|Any CPU.ActiveCfg = Debug|Any CPU
		{FBDD7B3C-DFBC-4700-96B8-30ECB68B50FD}.Debug|Any CPU.Build.0 = Debug|Any CPU
		{FBDD7B3C-DFBC-4700-96B8-30ECB68B50FD}.Release|Any CPU.ActiveCfg = Release|Any CPU
		{FBDD7B3C-DFBC-4700-96B8-30ECB68B50FD}.Release|Any CPU.Build.0 = Release|Any CPU
		{C599CAD3-A2DD-4011-B726-B8517AA6D19B}.Debug|Any CPU.ActiveCfg = Debug|Any CPU
		{C599CAD3-A2DD-4011-B726-B8517AA6D19B}.Debug|Any CPU.Build.0 = Debug|Any CPU
		{C599CAD3-A2DD-4011-B726-B8517AA6D19B}.Release|Any CPU.ActiveCfg = Release|Any CPU
		{C599CAD3-A2DD-4011-B726-B8517AA6D19B}.Release|Any CPU.Build.0 = Release|Any CPU
	EndGlobalSection
	GlobalSection(SolutionProperties) = preSolution
		HideSolutionNode = FALSE
	EndGlobalSection
	GlobalSection(ExtensibilityGlobals) = postSolution
		SolutionGuid = {16F7888E-60FB-435C-9A3A-8928556E4F2F}
	EndGlobalSection
EndGlobal
